
Microsoft Visual Studio Solution File, Format Version 12.00
# Visual Studio 15
VisualStudioVersion = 15.0.26730.10
MinimumVisualStudioVersion = 10.0.40219.1
Project("{FAE04EC0-301F-11D3-BF4B-00C04F79EFBC}") = "Janison", "Janison\Janison.csproj", "{EB1ACD8C-B800-4A43-8E9F-16AE569ED0C1}"
EndProject
Project("{2150E333-8FDC-42A3-9474-1A3956D46DE8}") = "Solution Items", "Solution Items", "{30899C05-E0A2-4967-9877-DE51D9E21EDC}"
	ProjectSection(SolutionItems) = preProject
		readme.txt = readme.txt
	EndProjectSection
EndProject
Global
	GlobalSection(SolutionConfigurationPlatforms) = preSolution
		Debug|Any CPU = Debug|Any CPU
		Release|Any CPU = Release|Any CPU
	EndGlobalSection
	GlobalSection(ProjectConfigurationPlatforms) = postSolution
		{EB1ACD8C-B800-4A43-8E9F-16AE569ED0C1}.Debug|Any CPU.ActiveCfg = Debug|Any CPU
		{EB1ACD8C-B800-4A43-8E9F-16AE569ED0C1}.Debug|Any CPU.Build.0 = Debug|Any CPU
		{EB1ACD8C-B800-4A43-8E9F-16AE569ED0C1}.Release|Any CPU.ActiveCfg = Release|Any CPU
		{EB1ACD8C-B800-4A43-8E9F-16AE569ED0C1}.Release|Any CPU.Build.0 = Release|Any CPU
	EndGlobalSection
	GlobalSection(SolutionProperties) = preSolution
		HideSolutionNode = FALSE
	EndGlobalSection
	GlobalSection(ExtensibilityGlobals) = postSolution
		SolutionGuid = {8FE00C0A-CB90-4FC0-A422-4E60036C04E8}
	EndGlobalSection
EndGlobal
